
Microsoft Visual Studio Solution File, Format Version 12.00
# Visual Studio Version 16
VisualStudioVersion = 16.0.33214.272
MinimumVisualStudioVersion = 10.0.40219.1
Project("{FAE04EC0-301F-11D3-BF4B-00C04F79EFBC}") = "WpfTestTask", "WpfTestTask\WpfTestTask.csproj", "{F2F2BA89-BC92-4017-AAE1-E73EDE06A14A}"
EndProject
Global
	GlobalSection(SolutionConfigurationPlatforms) = preSolution
		Debug|Any CPU = Debug|Any CPU
		Release|Any CPU = Release|Any CPU
	EndGlobalSection
	GlobalSection(ProjectConfigurationPlatforms) = postSolution
		{F2F2BA89-BC92-4017-AAE1-E73EDE06A14A}.Debug|Any CPU.ActiveCfg = Debug|Any CPU
		{F2F2BA89-BC92-4017-AAE1-E73EDE06A14A}.Debug|Any CPU.Build.0 = Debug|Any CPU
		{F2F2BA89-BC92-4017-AAE1-E73EDE06A14A}.Release|Any CPU.ActiveCfg = Release|Any CPU
		{F2F2BA89-BC92-4017-AAE1-E73EDE06A14A}.Release|Any CPU.Build.0 = Release|Any CPU
	EndGlobalSection
	GlobalSection(SolutionProperties) = preSolution
		HideSolutionNode = FALSE
	EndGlobalSection
	GlobalSection(ExtensibilityGlobals) = postSolution
		SolutionGuid = {00384C68-FBEA-41F4-974D-7B53227D300C}
	EndGlobalSection
EndGlobal
